
Microsoft Visual Studio Solution File, Format Version 12.00
# Visual Studio Version 16
VisualStudioVersion = 16.6.30114.105
MinimumVisualStudioVersion = 10.0.40219.1
Project("{FAE04EC0-301F-11D3-BF4B-00C04F79EFBC}") = "ApplicationWindows", "src\ApplicationWindows\ApplicationWindows.csproj", "{2786D821-51C3-46E3-A48C-6485CAF19837}"
EndProject
Project("{2150E333-8FDC-42A3-9474-1A3956D46DE8}") = "Tests", "Tests", "{EA51CBBA-697E-4EC9-8CC8-F8FDDB065AA6}"
EndProject
Project("{FAE04EC0-301F-11D3-BF4B-00C04F79EFBC}") = "IntegrationTests", "tests\IntegrationTests\IntegrationTests.csproj", "{BF76F3E8-6B34-449F-81B1-3552004B83C7}"
EndProject
Project("{FAE04EC0-301F-11D3-BF4B-00C04F79EFBC}") = "UnitTests", "tests\UnitTests\UnitTests.csproj", "{46C04FEE-A36C-4559-808E-84CCA40CF9A0}"
EndProject
Global
	GlobalSection(SolutionConfigurationPlatforms) = preSolution
		Debug|Any CPU = Debug|Any CPU
		Debug|x64 = Debug|x64
		Debug|x86 = Debug|x86
		Release|Any CPU = Release|Any CPU
		Release|x64 = Release|x64
		Release|x86 = Release|x86
	EndGlobalSection
	GlobalSection(SolutionProperties) = preSolution
		HideSolutionNode = FALSE
	EndGlobalSection
	GlobalSection(ProjectConfigurationPlatforms) = postSolution
		{2786D821-51C3-46E3-A48C-6485CAF19837}.Debug|Any CPU.ActiveCfg = Debug|Any CPU
		{2786D821-51C3-46E3-A48C-6485CAF19837}.Debug|Any CPU.Build.0 = Debug|Any CPU
		{2786D821-51C3-46E3-A48C-6485CAF19837}.Debug|x64.ActiveCfg = Debug|Any CPU
		{2786D821-51C3-46E3-A48C-6485CAF19837}.Debug|x64.Build.0 = Debug|Any CPU
		{2786D821-51C3-46E3-A48C-6485CAF19837}.Debug|x86.ActiveCfg = Debug|Any CPU
		{2786D821-51C3-46E3-A48C-6485CAF19837}.Debug|x86.Build.0 = Debug|Any CPU
		{2786D821-51C3-46E3-A48C-6485CAF19837}.Release|Any CPU.ActiveCfg = Release|Any CPU
		{2786D821-51C3-46E3-A48C-6485CAF19837}.Release|Any CPU.Build.0 = Release|Any CPU
		{2786D821-51C3-46E3-A48C-6485CAF19837}.Release|x64.ActiveCfg = Release|Any CPU
		{2786D821-51C3-46E3-A48C-6485CAF19837}.Release|x64.Build.0 = Release|Any CPU
		{2786D821-51C3-46E3-A48C-6485CAF19837}.Release|x86.ActiveCfg = Release|Any CPU
		{2786D821-51C3-46E3-A48C-6485CAF19837}.Release|x86.Build.0 = Release|Any CPU
		{BF76F3E8-6B34-449F-81B1-3552004B83C7}.Debug|Any CPU.ActiveCfg = Debug|Any CPU
		{BF76F3E8-6B34-449F-81B1-3552004B83C7}.Debug|Any CPU.Build.0 = Debug|Any CPU
		{BF76F3E8-6B34-449F-81B1-3552004B83C7}.Debug|x64.ActiveCfg = Debug|Any CPU
		{BF76F3E8-6B34-449F-81B1-3552004B83C7}.Debug|x64.Build.0 = Debug|Any CPU
		{BF76F3E8-6B34-449F-81B1-3552004B83C7}.Debug|x86.ActiveCfg = Debug|Any CPU
		{BF76F3E8-6B34-449F-81B1-3552004B83C7}.Debug|x86.Build.0 = Debug|Any CPU
		{BF76F3E8-6B34-449F-81B1-3552004B83C7}.Release|Any CPU.ActiveCfg = Release|Any CPU
		{BF76F3E8-6B34-449F-81B1-3552004B83C7}.Release|Any CPU.Build.0 = Release|Any CPU
		{BF76F3E8-6B34-449F-81B1-3552004B83C7}.Release|x64.ActiveCfg = Release|Any CPU
		{BF76F3E8-6B34-449F-81B1-3552004B83C7}.Release|x64.Build.0 = Release|Any CPU
		{BF76F3E8-6B34-449F-81B1-3552004B83C7}.Release|x86.ActiveCfg = Release|Any CPU
		{BF76F3E8-6B34-449F-81B1-3552004B83C7}.Release|x86.Build.0 = Release|Any CPU
		{46C04FEE-A36C-4559-808E-84CCA40CF9A0}.Debug|Any CPU.ActiveCfg = Debug|Any CPU
		{46C04FEE-A36C-4559-808E-84CCA40CF9A0}.Debug|Any CPU.Build.0 = Debug|Any CPU
		{46C04FEE-A36C-4559-808E-84CCA40CF9A0}.Debug|x64.ActiveCfg = Debug|Any CPU
		{46C04FEE-A36C-4559-808E-84CCA40CF9A0}.Debug|x64.Build.0 = Debug|Any CPU
		{46C04FEE-A36C-4559-808E-84CCA40CF9A0}.Debug|x86.ActiveCfg = Debug|Any CPU
		{46C04FEE-A36C-4559-808E-84CCA40CF9A0}.Debug|x86.Build.0 = Debug|Any CPU
		{46C04FEE-A36C-4559-808E-84CCA40CF9A0}.Release|Any CPU.ActiveCfg = Release|Any CPU
		{46C04FEE-A36C-4559-808E-84CCA40CF9A0}.Release|Any CPU.Build.0 = Release|Any CPU
		{46C04FEE-A36C-4559-808E-84CCA40CF9A0}.Release|x64.ActiveCfg = Release|Any CPU
		{46C04FEE-A36C-4559-808E-84CCA40CF9A0}.Release|x64.Build.0 = Release|Any CPU
		{46C04FEE-A36C-4559-808E-84CCA40CF9A0}.Release|x86.ActiveCfg = Release|Any CPU
		{46C04FEE-A36C-4559-808E-84CCA40CF9A0}.Release|x86.Build.0 = Release|Any CPU
	EndGlobalSection
	GlobalSection(NestedProjects) = preSolution
		{BF76F3E8-6B34-449F-81B1-3552004B83C7} = {EA51CBBA-697E-4EC9-8CC8-F8FDDB065AA6}
		{46C04FEE-A36C-4559-808E-84CCA40CF9A0} = {EA51CBBA-697E-4EC9-8CC8-F8FDDB065AA6}
	EndGlobalSection
EndGlobal
